lockfileVersion: '9.0'

settings:
  autoInstallPeers: true
  excludeLinksFromLockfile: false

importers:

  .:
    dependencies:
      '@ant-design/icons':
        specifier: ^5.6.0
        version: 5.6.0(react-dom@19.0.0(react@19.0.0))(react@19.0.0)
      antd:
        specifier: ^5.23.3
        version: 5.23.3(react-dom@19.0.0(react@19.0.0))(react@19.0.0)
      react-router-dom:
        specifier: ^7.1.3
        version: 7.1.3(react-dom@19.0.0(react@19.0.0))(react@19.0.0)
    devDependencies:
      tailwindcss:
        specifier: ^4.0.0
        version: 4.0.0

packages:

  '@ant-design/colors@7.2.0':
    resolution: {integrity: sha512-bjTObSnZ9C/O8MB/B4OUtd/q9COomuJAR2SYfhxLyHvCKn4EKwCN3e+fWGMo7H5InAyV0wL17jdE9ALrdOW/6A==}

  '@ant-design/cssinjs-utils@1.1.3':
    resolution: {integrity: sha512-nOoQMLW1l+xR1Co8NFVYiP8pZp3VjIIzqV6D6ShYF2ljtdwWJn5WSsH+7kvCktXL/yhEtWURKOfH5Xz/gzlwsg==}
    peerDependencies:
      react: '>=16.9.0'
      react-dom: '>=16.9.0'

  '@ant-design/cssinjs@1.23.0':
    resolution: {integrity: sha512-7GAg9bD/iC9ikWatU9ym+P9ugJhi/WbsTWzcKN6T4gU0aehsprtke1UAaaSxxkjjmkJb3llet/rbUSLPgwlY4w==}
    peerDependencies:
      react: '>=16.0.0'
      react-dom: '>=16.0.0'

  '@ant-design/fast-color@2.0.6':
    resolution: {integrity: sha512-y2217gk4NqL35giHl72o6Zzqji9O7vHh9YmhUVkPtAOpoTCH4uWxo/pr4VE8t0+ChEPs0qo4eJRC5Q1eXWo3vA==}
    engines: {node: '>=8.x'}

  '@ant-design/icons-svg@4.4.2':
    resolution: {integrity: sha512-vHbT+zJEVzllwP+CM+ul7reTEfBR0vgxFe7+lREAsAA7YGsYpboiq2sQNeQeRvh09GfQgs/GyFEvZpJ9cLXpXA==}

  '@ant-design/icons@5.6.0':
    resolution: {integrity: sha512-Mb6QkQmPLZsmIHJ6oBsoyKrrT8/kAUdQ6+8q38e2bQSclROi69SiDlI4zZroaIPseae1w110RJH0zGrphAvlSQ==}
    engines: {node: '>=8'}
    peerDependencies:
      react: '>=16.0.0'
      react-dom: '>=16.0.0'

  '@ant-design/react-slick@1.1.2':
    resolution: {integrity: sha512-EzlvzE6xQUBrZuuhSAFTdsr4P2bBBHGZwKFemEfq8gIGyIQCxalYfZW/T2ORbtQx5rU69o+WycP3exY/7T1hGA==}
    peerDependencies:
      react: '>=16.9.0'

  '@babel/runtime@7.26.7':
    resolution: {integrity: sha512-AOPI3D+a8dXnja+iwsUqGRjr1BbZIe771sXdapOtYI531gSqpi92vXivKcq2asu/DFpdl1ceFAKZyRzK2PCVcQ==}
    engines: {node: '>=6.9.0'}

  '@emotion/hash@0.8.0':
    resolution: {integrity: sha512-kBJtf7PH6aWwZ6fka3zQ0p6SBYzx4fl1LoZXE2RrnYST9Xljm7WfKJrU4g/Xr3Beg72MLrp1AWNUmuYJTL7Cow==}

  '@emotion/unitless@0.7.5':
    resolution: {integrity: sha512-OWORNpfjMsSSUBVrRBVGECkhWcULOAJz9ZW8uK9qgxD+87M7jHRcvh/A96XXNhXTLmKcoYSQtBEX7lHMO7YRwg==}

  '@rc-component/async-validator@5.0.4':
    resolution: {integrity: sha512-qgGdcVIF604M9EqjNF0hbUTz42bz/RDtxWdWuU5EQe3hi7M8ob54B6B35rOsvX5eSvIHIzT9iH1R3n+hk3CGfg==}
    engines: {node: '>=14.x'}

  '@rc-component/color-picker@2.0.1':
    resolution: {integrity: sha512-WcZYwAThV/b2GISQ8F+7650r5ZZJ043E57aVBFkQ+kSY4C6wdofXgB0hBx+GPGpIU0Z81eETNoDUJMr7oy/P8Q==}
    peerDependencies:
      react: '>=16.9.0'
      react-dom: '>=16.9.0'

  '@rc-component/context@1.4.0':
    resolution: {integrity: sha512-kFcNxg9oLRMoL3qki0OMxK+7g5mypjgaaJp/pkOis/6rVxma9nJBF/8kCIuTYHUQNr0ii7MxqE33wirPZLJQ2w==}
    peerDependencies:
      react: '>=16.9.0'
      react-dom: '>=16.9.0'

  '@rc-component/mini-decimal@1.1.0':
    resolution: {integrity: sha512-jS4E7T9Li2GuYwI6PyiVXmxTiM6b07rlD9Ge8uGZSCz3WlzcG5ZK7g5bbuKNeZ9pgUuPK/5guV781ujdVpm4HQ==}
    engines: {node: '>=8.x'}

  '@rc-component/mutate-observer@1.1.0':
    resolution: {integrity: sha512-QjrOsDXQusNwGZPf4/qRQasg7UFEj06XiCJ8iuiq/Io7CrHrgVi6Uuetw60WAMG1799v+aM8kyc+1L/GBbHSlw==}
    engines: {node: '>=8.x'}
    peerDependencies:
      react: '>=16.9.0'
      react-dom: '>=16.9.0'

  '@rc-component/portal@1.1.2':
    resolution: {integrity: sha512-6f813C0IsasTZms08kfA8kPAGxbbkYToa8ALaiDIGGECU4i9hj8Plgbx0sNJDrey3EtHO30hmdaxtT0138xZcg==}
    engines: {node: '>=8.x'}
    peerDependencies:
      react: '>=16.9.0'
      react-dom: '>=16.9.0'

  '@rc-component/qrcode@1.0.0':
    resolution: {integrity: sha512-L+rZ4HXP2sJ1gHMGHjsg9jlYBX/SLN2D6OxP9Zn3qgtpMWtO2vUfxVFwiogHpAIqs54FnALxraUy/BCO1yRIgg==}
    engines: {node: '>=8.x'}
    peerDependencies:
      react: '>=16.9.0'
      react-dom: '>=16.9.0'

  '@rc-component/tour@1.15.1':
    resolution: {integrity: sha512-Tr2t7J1DKZUpfJuDZWHxyxWpfmj8EZrqSgyMZ+BCdvKZ6r1UDsfU46M/iWAAFBy961Ssfom2kv5f3UcjIL2CmQ==}
    engines: {node: '>=8.x'}
    peerDependencies:
      react: '>=16.9.0'
      react-dom: '>=16.9.0'

  '@rc-component/trigger@2.2.6':
    resolution: {integrity: sha512-/9zuTnWwhQ3S3WT1T8BubuFTT46kvnXgaERR9f4BTKyn61/wpf/BvbImzYBubzJibU707FxwbKszLlHjcLiv1Q==}
    engines: {node: '>=8.x'}
    peerDependencies:
      react: '>=16.9.0'
      react-dom: '>=16.9.0'

  '@types/cookie@0.6.0':
    resolution: {integrity: sha512-4Kh9a6B2bQciAhf7FSuMRRkUWecJgJu9nPnx3yzpsfXX/c50REIqpHY4C82bXP90qrLtXtkDxTZosYO3UpOwlA==}

  antd@5.23.3:
    resolution: {integrity: sha512-xDvwl7C43/NZ9rTOS1bkbuKoSxqZKf6FlaSW/BRsV8QST3Ce2jGx7dJzYahKIZwe3WNSgvEXAlTrckBHMKHcgQ==}
    peerDependencies:
      react: '>=16.9.0'
      react-dom: '>=16.9.0'

  classnames@2.5.1:
    resolution: {integrity: sha512-saHYOzhIQs6wy2sVxTM6bUDsQO4F50V9RQ22qBpEdCW+I+/Wmke2HOl6lS6dTpdxVhb88/I6+Hs+438c3lfUow==}

  compute-scroll-into-view@3.1.1:
    resolution: {integrity: sha512-VRhuHOLoKYOy4UbilLbUzbYg93XLjv2PncJC50EuTWPA3gaja1UjBsUP/D/9/juV3vQFr6XBEzn9KCAHdUvOHw==}

  cookie@1.0.2:
    resolution: {integrity: sha512-9Kr/j4O16ISv8zBBhJoi4bXOYNTkFLOqSL3UDB0njXxCXNezjeyVrJyGOWtgfs/q2km1gwBcfH8q1yEGoMYunA==}
    engines: {node: '>=18'}

  copy-to-clipboard@3.3.3:
    resolution: {integrity: sha512-2KV8NhB5JqC3ky0r9PMCAZKbUHSwtEo4CwCs0KXgruG43gX5PMqDEBbVU4OUzw2MuAWUfsuFmWvEKG5QRfSnJA==}

  csstype@3.1.3:
    resolution: {integrity: sha512-M1uQkMl8rQK/szD0LNhtqxIPLpimGm8sOBwU7lLnCpSbTyY3yeU1Vc7l4KT5zT4s/yOxHH5O7tIuuLOCnLADRw==}

  dayjs@1.11.13:
    resolution: {integrity: sha512-oaMBel6gjolK862uaPQOVTA7q3TZhuSvuMQAAglQDOWYO9A91IrAOUJEyKVlqJlHE0vq5p5UXxzdPfMH/x6xNg==}

  json2mq@0.2.0:
    resolution: {integrity: sha512-SzoRg7ux5DWTII9J2qkrZrqV1gt+rTaoufMxEzXbS26Uid0NwaJd123HcoB80TgubEppxxIGdNxCx50fEoEWQA==}

  rc-cascader@3.33.0:
    resolution: {integrity: sha512-JvZrMbKBXIbEDmpIORxqvedY/bck6hGbs3hxdWT8eS9wSQ1P7//lGxbyKjOSyQiVBbgzNWriSe6HoMcZO/+0rQ==}
    peerDependencies:
      react: '>=16.9.0'
      react-dom: '>=16.9.0'

  rc-checkbox@3.5.0:
    resolution: {integrity: sha512-aOAQc3E98HteIIsSqm6Xk2FPKIER6+5vyEFMZfo73TqM+VVAIqOkHoPjgKLqSNtVLWScoaM7vY2ZrGEheI79yg==}
    peerDependencies:
      react: '>=16.9.0'
      react-dom: '>=16.9.0'

  rc-collapse@3.9.0:
    resolution: {integrity: sha512-swDdz4QZ4dFTo4RAUMLL50qP0EY62N2kvmk2We5xYdRwcRn8WcYtuetCJpwpaCbUfUt5+huLpVxhvmnK+PHrkA==}
    peerDependencies:
      react: '>=16.9.0'
      react-dom: '>=16.9.0'

  rc-dialog@9.6.0:
    resolution: {integrity: sha512-ApoVi9Z8PaCQg6FsUzS8yvBEQy0ZL2PkuvAgrmohPkN3okps5WZ5WQWPc1RNuiOKaAYv8B97ACdsFU5LizzCqg==}
    peerDependencies:
      react: '>=16.9.0'
      react-dom: '>=16.9.0'

  rc-drawer@7.2.0:
    resolution: {integrity: sha512-9lOQ7kBekEJRdEpScHvtmEtXnAsy+NGDXiRWc2ZVC7QXAazNVbeT4EraQKYwCME8BJLa8Bxqxvs5swwyOepRwg==}
    peerDependencies:
      react: '>=16.9.0'
      react-dom: '>=16.9.0'

  rc-dropdown@4.2.1:
    resolution: {integrity: sha512-YDAlXsPv3I1n42dv1JpdM7wJ+gSUBfeyPK59ZpBD9jQhK9jVuxpjj3NmWQHOBceA1zEPVX84T2wbdb2SD0UjmA==}
    peerDependencies:
      react: '>=16.11.0'
      react-dom: '>=16.11.0'

  rc-field-form@2.7.0:
    resolution: {integrity: sha512-hgKsCay2taxzVnBPZl+1n4ZondsV78G++XVsMIJCAoioMjlMQR9YwAp7JZDIECzIu2Z66R+f4SFIRrO2DjDNAA==}
    engines: {node: '>=8.x'}
    peerDependencies:
      react: '>=16.9.0'
      react-dom: '>=16.9.0'

  rc-image@7.11.0:
    resolution: {integrity: sha512-aZkTEZXqeqfPZtnSdNUnKQA0N/3MbgR7nUnZ+/4MfSFWPFHZau4p5r5ShaI0KPEMnNjv4kijSCFq/9wtJpwykw==}
    peerDependencies:
      react: '>=16.9.0'
      react-dom: '>=16.9.0'

  rc-input-number@9.4.0:
    resolution: {integrity: sha512-Tiy4DcXcFXAf9wDhN8aUAyMeCLHJUHA/VA/t7Hj8ZEx5ETvxG7MArDOSE6psbiSCo+vJPm4E3fGN710ITVn6GA==}
    peerDependencies:
      react: '>=16.9.0'
      react-dom: '>=16.9.0'

  rc-input@1.7.2:
    resolution: {integrity: sha512-g3nYONnl4edWj2FfVoxsU3Ec4XTE+Hb39Kfh2MFxMZjp/0gGyPUgy/v7ZhS27ZxUFNkuIDYXm9PJsLyJbtg86A==}
    peerDependencies:
      react: '>=16.0.0'
      react-dom: '>=16.0.0'

  rc-mentions@2.19.1:
    resolution: {integrity: sha512-KK3bAc/bPFI993J3necmaMXD2reZTzytZdlTvkeBbp50IGH1BDPDvxLdHDUrpQx2b2TGaVJsn+86BvYa03kGqA==}
    peerDependencies:
      react: '>=16.9.0'
      react-dom: '>=16.9.0'

  rc-menu@9.16.0:
    resolution: {integrity: sha512-vAL0yqPkmXWk3+YKRkmIR8TYj3RVdEt3ptG2jCJXWNAvQbT0VJJdRyHZ7kG/l1JsZlB+VJq/VcYOo69VR4oD+w==}
    peerDependencies:
      react: '>=16.9.0'
      react-dom: '>=16.9.0'

  rc-motion@2.9.5:
    resolution: {integrity: sha512-w+XTUrfh7ArbYEd2582uDrEhmBHwK1ZENJiSJVb7uRxdE7qJSYjbO2eksRXmndqyKqKoYPc9ClpPh5242mV1vA==}
    peerDependencies:
      react: '>=16.9.0'
      react-dom: '>=16.9.0'

  rc-notification@5.6.2:
    resolution: {integrity: sha512-Id4IYMoii3zzrG0lB0gD6dPgJx4Iu95Xu0BQrhHIbp7ZnAZbLqdqQ73aIWH0d0UFcElxwaKjnzNovTjo7kXz7g==}
    engines: {node: '>=8.x'}
    peerDependencies:
      react: '>=16.9.0'
      react-dom: '>=16.9.0'

  rc-overflow@1.4.1:
    resolution: {integrity: sha512-3MoPQQPV1uKyOMVNd6SZfONi+f3st0r8PksexIdBTeIYbMX0Jr+k7pHEDvsXtR4BpCv90/Pv2MovVNhktKrwvw==}
    peerDependencies:
      react: '>=16.9.0'
      react-dom: '>=16.9.0'

  rc-pagination@5.0.0:
    resolution: {integrity: sha512-QjrPvbAQwps93iluvFM62AEYglGYhWW2q/nliQqmvkTi4PXP4HHoh00iC1Sa5LLVmtWQHmG73fBi2x6H6vFHRg==}
    peerDependencies:
      react: '>=16.9.0'
      react-dom: '>=16.9.0'

  rc-picker@4.9.2:
    resolution: {integrity: sha512-SLW4PRudODOomipKI0dvykxW4P8LOqtMr17MOaLU6NQJhkh9SZeh44a/8BMxwv5T6e3kiIeYc9k5jFg2Mv35Pg==}
    engines: {node: '>=8.x'}
    peerDependencies:
      date-fns: '>= 2.x'
      dayjs: '>= 1.x'
      luxon: '>= 3.x'
      moment: '>= 2.x'
      react: '>=16.9.0'
      react-dom: '>=16.9.0'
    peerDependenciesMeta:
      date-fns:
        optional: true
      dayjs:
        optional: true
      luxon:
        optional: true
      moment:
        optional: true

  rc-progress@4.0.0:
    resolution: {integrity: sha512-oofVMMafOCokIUIBnZLNcOZFsABaUw8PPrf1/y0ZBvKZNpOiu5h4AO9vv11Sw0p4Hb3D0yGWuEattcQGtNJ/aw==}
    peerDependencies:
      react: '>=16.9.0'
      react-dom: '>=16.9.0'

  rc-rate@2.13.0:
    resolution: {integrity: sha512-oxvx1Q5k5wD30sjN5tqAyWTvJfLNNJn7Oq3IeS4HxWfAiC4BOXMITNAsw7u/fzdtO4MS8Ki8uRLOzcnEuoQiAw==}
    engines: {node: '>=8.x'}
    peerDependencies:
      react: '>=16.9.0'
      react-dom: '>=16.9.0'

  rc-resize-observer@1.4.3:
    resolution: {integrity: sha512-YZLjUbyIWox8E9i9C3Tm7ia+W7euPItNWSPX5sCcQTYbnwDb5uNpnLHQCG1f22oZWUhLw4Mv2tFmeWe68CDQRQ==}
    peerDependencies:
      react: '>=16.9.0'
      react-dom: '>=16.9.0'

  rc-segmented@2.7.0:
    resolution: {integrity: sha512-liijAjXz+KnTRVnxxXG2sYDGd6iLL7VpGGdR8gwoxAXy2KglviKCxLWZdjKYJzYzGSUwKDSTdYk8brj54Bn5BA==}
    peerDependencies:
      react: '>=16.0.0'
      react-dom: '>=16.0.0'

  rc-select@14.16.6:
    resolution: {integrity: sha512-YPMtRPqfZWOm2XGTbx5/YVr1HT0vn//8QS77At0Gjb3Lv+Lbut0IORJPKLWu1hQ3u4GsA0SrDzs7nI8JG7Zmyg==}
    engines: {node: '>=8.x'}
    peerDependencies:
      react: '*'
      react-dom: '*'

  rc-slider@11.1.8:
    resolution: {integrity: sha512-2gg/72YFSpKP+Ja5AjC5DPL1YnV8DEITDQrcc1eASrUYjl0esptaBVJBh5nLTXCCp15eD8EuGjwezVGSHhs9tQ==}
    engines: {node: '>=8.x'}
    peerDependencies:
      react: '>=16.9.0'
      react-dom: '>=16.9.0'

  rc-steps@6.0.1:
    resolution: {integrity: sha512-lKHL+Sny0SeHkQKKDJlAjV5oZ8DwCdS2hFhAkIjuQt1/pB81M0cA0ErVFdHq9+jmPmFw1vJB2F5NBzFXLJxV+g==}
    engines: {node: '>=8.x'}
    peerDependencies:
      react: '>=16.9.0'
      react-dom: '>=16.9.0'

  rc-switch@4.1.0:
    resolution: {integrity: sha512-TI8ufP2Az9oEbvyCeVE4+90PDSljGyuwix3fV58p7HV2o4wBnVToEyomJRVyTaZeqNPAp+vqeo4Wnj5u0ZZQBg==}
    peerDependencies:
      react: '>=16.9.0'
      react-dom: '>=16.9.0'

  rc-table@7.50.2:
    resolution: {integrity: sha512-+nJbzxzstBriLb5sr9U7Vjs7+4dO8cWlouQbMwBVYghk2vr508bBdkHJeP/z9HVjAIKmAgMQKxmtbgDd3gc5wA==}
    engines: {node: '>=8.x'}
    peerDependencies:
      react: '>=16.9.0'
      react-dom: '>=16.9.0'

  rc-tabs@15.5.0:
    resolution: {integrity: sha512-NrDcTaUJLh9UuDdMBkjKTn97U9iXG44s9D03V5NHkhEDWO5/nC6PwC3RhkCWFMKB9hh+ryqgZ+TIr1b9Jd/hnQ==}
    engines: {node: '>=8.x'}
    peerDependencies:
      react: '>=16.9.0'
      react-dom: '>=16.9.0'

  rc-textarea@1.9.0:
    resolution: {integrity: sha512-dQW/Bc/MriPBTugj2Kx9PMS5eXCCGn2cxoIaichjbNvOiARlaHdI99j4DTxLl/V8+PIfW06uFy7kjfUIDDKyxQ==}
    peerDependencies:
      react: '>=16.9.0'
      react-dom: '>=16.9.0'

  rc-tooltip@6.3.2:
    resolution: {integrity: sha512-oA4HZIiZJbUQ5ojigM0y4XtWxaH/aQlJSzknjICRWNpqyemy1sL3X3iEQV2eSPBWEq+bqU3+aSs81z+28j9luA==}
    peerDependencies:
      react: '>=16.9.0'
      react-dom: '>=16.9.0'

  rc-tree-select@5.27.0:
    resolution: {integrity: sha512-2qTBTzwIT7LRI1o7zLyrCzmo5tQanmyGbSaGTIf7sYimCklAToVVfpMC6OAldSKolcnjorBYPNSKQqJmN3TCww==}
    peerDependencies:
      react: '*'
      react-dom: '*'

  rc-tree@5.13.0:
    resolution: {integrity: sha512-2+lFvoVRnvHQ1trlpXMOWtF8BUgF+3TiipG72uOfhpL5CUdXCk931kvDdUkTL/IZVtNEDQKwEEmJbAYJSA5NnA==}
    engines: {node: '>=10.x'}
    peerDependencies:
      react: '*'
      react-dom: '*'

  rc-upload@4.8.1:
    resolution: {integrity: sha512-toEAhwl4hjLAI1u8/CgKWt30BR06ulPa4iGQSMvSXoHzO88gPCslxqV/mnn4gJU7PDoltGIC9Eh+wkeudqgHyw==}
    peerDependencies:
      react: '>=16.9.0'
      react-dom: '>=16.9.0'

  rc-util@5.44.3:
    resolution: {integrity: sha512-q6KCcOFk3rv/zD3MckhJteZxb0VjAIFuf622B7ElK4vfrZdAzs16XR5p3VTdy3+U5jfJU5ACz4QnhLSuAGe5dA==}
    peerDependencies:
      react: '>=16.9.0'
      react-dom: '>=16.9.0'

  rc-virtual-list@3.18.1:
    resolution: {integrity: sha512-ARSsD/dey/I4yNQHFYYUaKLUkD1wnD4lRZIvb3rCLMbTMmoFQJRVrWuSfbNt5P5MzMNooEBDvqrUPM4QN7BMNA==}
    engines: {node: '>=8.x'}
    peerDependencies:
      react: '>=16.9.0'
      react-dom: '>=16.9.0'

  react-dom@19.0.0:
    resolution: {integrity: sha512-4GV5sHFG0e/0AD4X+ySy6UJd3jVl1iNsNHdpad0qhABJ11twS3TTBnseqsKurKcsNqCEFeGL3uLpVChpIO3QfQ==}
    peerDependencies:
      react: ^19.0.0

  react-is@18.3.1:
    resolution: {integrity: sha512-/LLMVyas0ljjAtoYiPqYiL8VWXzUUdThrmU5+n20DZv+a+ClRoevUzw5JxU+Ieh5/c87ytoTBV9G1FiKfNJdmg==}

  react-router-dom@7.1.3:
    resolution: {integrity: sha512-qQGTE+77hleBzv9SIUIkGRvuFBQGagW+TQKy53UTZAO/3+YFNBYvRsNIZ1GT17yHbc63FylMOdS+m3oUriF1GA==}
    engines: {node: '>=20.0.0'}
    peerDependencies:
      react: '>=18'
      react-dom: '>=18'

  react-router@7.1.3:
    resolution: {integrity: sha512-EezYymLY6Guk/zLQ2vRA8WvdUhWFEj5fcE3RfWihhxXBW7+cd1LsIiA3lmx+KCmneAGQuyBv820o44L2+TtkSA==}
    engines: {node: '>=20.0.0'}
    peerDependencies:
      react: '>=18'
      react-dom: '>=18'
    peerDependenciesMeta:
      react-dom:
        optional: true

  react@19.0.0:
    resolution: {integrity: sha512-V8AVnmPIICiWpGfm6GLzCR/W5FXLchHop40W4nXBmdlEceh16rCN8O8LNWm5bh5XUX91fh7KpA+W0TgMKmgTpQ==}
    engines: {node: '>=0.10.0'}

  regenerator-runtime@0.14.1:
    resolution: {integrity: sha512-dYnhHh0nJoMfnkZs6GmmhFknAGRrLznOu5nc9ML+EJxGvrx6H7teuevqVqCuPcPK//3eDrrjQhehXVx9cnkGdw==}

  resize-observer-polyfill@1.5.1:
    resolution: {integrity: sha512-LwZrotdHOo12nQuZlHEmtuXdqGoOD0OhaxopaNFxWzInpEgaLWoVuAMbTzixuosCx2nEG58ngzW3vxdWoxIgdg==}

  scheduler@0.25.0:
    resolution: {integrity: sha512-xFVuu11jh+xcO7JOAGJNOXld8/TcEHK/4CituBUeUb5hqxJLj9YuemAEuvm9gQ/+pgXYfbQuqAkiYu+u7YEsNA==}

  scroll-into-view-if-needed@3.1.0:
    resolution: {integrity: sha512-49oNpRjWRvnU8NyGVmUaYG4jtTkNonFZI86MmGRDqBphEK2EXT9gdEUoQPZhuBM8yWHxCWbobltqYO5M4XrUvQ==}

  set-cookie-parser@2.7.1:
    resolution: {integrity: sha512-IOc8uWeOZgnb3ptbCURJWNjWUPcO3ZnTTdzsurqERrP6nPyv+paC55vJM0LpOlT2ne+Ix+9+CRG1MNLlyZ4GjQ==}

  string-convert@0.2.1:
    resolution: {integrity: sha512-u/1tdPl4yQnPBjnVrmdLo9gtuLvELKsAoRapekWggdiQNvvvum+jYF329d84NAa660KQw7pB2n36KrIKVoXa3A==}

  stylis@4.3.5:
    resolution: {integrity: sha512-K7npNOKGRYuhAFFzkzMGfxFDpN6gDwf8hcMiE+uveTVbBgm93HrNP3ZDUpKqzZ4pG7TP6fmb+EMAQPjq9FqqvA==}

  tailwindcss@4.0.0:
    resolution: {integrity: sha512-ULRPI3A+e39T7pSaf1xoi58AqqJxVCLg8F/uM5A3FadUbnyDTgltVnXJvdkTjwCOGA6NazqHVcwPJC5h2vRYVQ==}

  throttle-debounce@5.0.2:
    resolution: {integrity: sha512-B71/4oyj61iNH0KeCamLuE2rmKuTO5byTOSVwECM5FA7TiAiAW+UqTKZ9ERueC4qvgSttUhdmq1mXC3kJqGX7A==}
    engines: {node: '>=12.22'}

  toggle-selection@1.0.6:
    resolution: {integrity: sha512-BiZS+C1OS8g/q2RRbJmy59xpyghNBqrr6k5L/uKBGRsTfxmu3ffiRnd8mlGPUVayg8pvfi5urfnu8TU7DVOkLQ==}

  turbo-stream@2.4.0:
    resolution: {integrity: sha512-FHncC10WpBd2eOmGwpmQsWLDoK4cqsA/UT/GqNoaKOQnT8uzhtCbg3EoUDMvqpOSAI0S26mr0rkjzbOO6S3v1g==}

snapshots:

  '@ant-design/colors@7.2.0':
    dependencies:
      '@ant-design/fast-color': 2.0.6

  '@ant-design/cssinjs-utils@1.1.3(react-dom@19.0.0(react@19.0.0))(react@19.0.0)':
    dependencies:
      '@ant-design/cssinjs': 1.23.0(react-dom@19.0.0(react@19.0.0))(react@19.0.0)
      '@babel/runtime': 7.26.7
      rc-util: 5.44.3(react-dom@19.0.0(react@19.0.0))(react@19.0.0)
      react: 19.0.0
      react-dom: 19.0.0(react@19.0.0)

  '@ant-design/cssinjs@1.23.0(react-dom@19.0.0(react@19.0.0))(react@19.0.0)':
    dependencies:
      '@babel/runtime': 7.26.7
      '@emotion/hash': 0.8.0
      '@emotion/unitless': 0.7.5
      classnames: 2.5.1
      csstype: 3.1.3
      rc-util: 5.44.3(react-dom@19.0.0(react@19.0.0))(react@19.0.0)
      react: 19.0.0
      react-dom: 19.0.0(react@19.0.0)
      stylis: 4.3.5

  '@ant-design/fast-color@2.0.6':
    dependencies:
      '@babel/runtime': 7.26.7

  '@ant-design/icons-svg@4.4.2': {}

  '@ant-design/icons@5.6.0(react-dom@19.0.0(react@19.0.0))(react@19.0.0)':
    dependencies:
      '@ant-design/colors': 7.2.0
      '@ant-design/icons-svg': 4.4.2
      '@babel/runtime': 7.26.7
      classnames: 2.5.1
      rc-util: 5.44.3(react-dom@19.0.0(react@19.0.0))(react@19.0.0)
      react: 19.0.0
      react-dom: 19.0.0(react@19.0.0)

  '@ant-design/react-slick@1.1.2(react@19.0.0)':
    dependencies:
      '@babel/runtime': 7.26.7
      classnames: 2.5.1
      json2mq: 0.2.0
      react: 19.0.0
      resize-observer-polyfill: 1.5.1
      throttle-debounce: 5.0.2

  '@babel/runtime@7.26.7':
    dependencies:
      regenerator-runtime: 0.14.1

  '@emotion/hash@0.8.0': {}

  '@emotion/unitless@0.7.5': {}

  '@rc-component/async-validator@5.0.4':
    dependencies:
      '@babel/runtime': 7.26.7

  '@rc-component/color-picker@2.0.1(react-dom@19.0.0(react@19.0.0))(react@19.0.0)':
    dependencies:
      '@ant-design/fast-color': 2.0.6
      '@babel/runtime': 7.26.7
      classnames: 2.5.1
      rc-util: 5.44.3(react-dom@19.0.0(react@19.0.0))(react@19.0.0)
      react: 19.0.0
      react-dom: 19.0.0(react@19.0.0)

  '@rc-component/context@1.4.0(react-dom@19.0.0(react@19.0.0))(react@19.0.0)':
    dependencies:
      '@babel/runtime': 7.26.7
      rc-util: 5.44.3(react-dom@19.0.0(react@19.0.0))(react@19.0.0)
      react: 19.0.0
      react-dom: 19.0.0(react@19.0.0)

  '@rc-component/mini-decimal@1.1.0':
    dependencies:
      '@babel/runtime': 7.26.7

  '@rc-component/mutate-observer@1.1.0(react-dom@19.0.0(react@19.0.0))(react@19.0.0)':
    dependencies:
      '@babel/runtime': 7.26.7
      classnames: 2.5.1
      rc-util: 5.44.3(react-dom@19.0.0(react@19.0.0))(react@19.0.0)
      react: 19.0.0
      react-dom: 19.0.0(react@19.0.0)

  '@rc-component/portal@1.1.2(react-dom@19.0.0(react@19.0.0))(react@19.0.0)':
    dependencies:
      '@babel/runtime': 7.26.7
      classnames: 2.5.1
      rc-util: 5.44.3(react-dom@19.0.0(react@19.0.0))(react@19.0.0)
      react: 19.0.0
      react-dom: 19.0.0(react@19.0.0)

  '@rc-component/qrcode@1.0.0(react-dom@19.0.0(react@19.0.0))(react@19.0.0)':
    dependencies:
      '@babel/runtime': 7.26.7
      classnames: 2.5.1
      rc-util: 5.44.3(react-dom@19.0.0(react@19.0.0))(react@19.0.0)
      react: 19.0.0
      react-dom: 19.0.0(react@19.0.0)

  '@rc-component/tour@1.15.1(react-dom@19.0.0(react@19.0.0))(react@19.0.0)':
    dependencies:
      '@babel/runtime': 7.26.7
      '@rc-component/portal': 1.1.2(react-dom@19.0.0(react@19.0.0))(react@19.0.0)
      '@rc-component/trigger': 2.2.6(react-dom@19.0.0(react@19.0.0))(react@19.0.0)
      classnames: 2.5.1
      rc-util: 5.44.3(react-dom@19.0.0(react@19.0.0))(react@19.0.0)
      react: 19.0.0
      react-dom: 19.0.0(react@19.0.0)

  '@rc-component/trigger@2.2.6(react-dom@19.0.0(react@19.0.0))(react@19.0.0)':
    dependencies:
      '@babel/runtime': 7.26.7
      '@rc-component/portal': 1.1.2(react-dom@19.0.0(react@19.0.0))(react@19.0.0)
      classnames: 2.5.1
      rc-motion: 2.9.5(react-dom@19.0.0(react@19.0.0))(react@19.0.0)
      rc-resize-observer: 1.4.3(react-dom@19.0.0(react@19.0.0))(react@19.0.0)
      rc-util: 5.44.3(react-dom@19.0.0(react@19.0.0))(react@19.0.0)
      react: 19.0.0
      react-dom: 19.0.0(react@19.0.0)

  '@types/cookie@0.6.0': {}

  antd@5.23.3(react-dom@19.0.0(react@19.0.0))(react@19.0.0):
    dependencies:
      '@ant-design/colors': 7.2.0
      '@ant-design/cssinjs': 1.23.0(react-dom@19.0.0(react@19.0.0))(react@19.0.0)
      '@ant-design/cssinjs-utils': 1.1.3(react-dom@19.0.0(react@19.0.0))(react@19.0.0)
      '@ant-design/fast-color': 2.0.6
      '@ant-design/icons': 5.6.0(react-dom@19.0.0(react@19.0.0))(react@19.0.0)
      '@ant-design/react-slick': 1.1.2(react@19.0.0)
      '@babel/runtime': 7.26.7
      '@rc-component/color-picker': 2.0.1(react-dom@19.0.0(react@19.0.0))(react@19.0.0)
      '@rc-component/mutate-observer': 1.1.0(react-dom@19.0.0(react@19.0.0))(react@19.0.0)
      '@rc-component/qrcode': 1.0.0(react-dom@19.0.0(react@19.0.0))(react@19.0.0)
      '@rc-component/tour': 1.15.1(react-dom@19.0.0(react@19.0.0))(react@19.0.0)
      '@rc-component/trigger': 2.2.6(react-dom@19.0.0(react@19.0.0))(react@19.0.0)
      classnames: 2.5.1
      copy-to-clipboard: 3.3.3
      dayjs: 1.11.13
      rc-cascader: 3.33.0(react-dom@19.0.0(react@19.0.0))(react@19.0.0)
      rc-checkbox: 3.5.0(react-dom@19.0.0(react@19.0.0))(react@19.0.0)
      rc-collapse: 3.9.0(react-dom@19.0.0(react@19.0.0))(react@19.0.0)
      rc-dialog: 9.6.0(react-dom@19.0.0(react@19.0.0))(react@19.0.0)
      rc-drawer: 7.2.0(react-dom@19.0.0(react@19.0.0))(react@19.0.0)
      rc-dropdown: 4.2.1(react-dom@19.0.0(react@19.0.0))(react@19.0.0)
      rc-field-form: 2.7.0(react-dom@19.0.0(react@19.0.0))(react@19.0.0)
      rc-image: 7.11.0(react-dom@19.0.0(react@19.0.0))(react@19.0.0)
      rc-input: 1.7.2(react-dom@19.0.0(react@19.0.0))(react@19.0.0)
      rc-input-number: 9.4.0(react-dom@19.0.0(react@19.0.0))(react@19.0.0)
      rc-mentions: 2.19.1(react-dom@19.0.0(react@19.0.0))(react@19.0.0)
      rc-menu: 9.16.0(react-dom@19.0.0(react@19.0.0))(react@19.0.0)
      rc-motion: 2.9.5(react-dom@19.0.0(react@19.0.0))(react@19.0.0)
      rc-notification: 5.6.2(react-dom@19.0.0(react@19.0.0))(react@19.0.0)
      rc-pagination: 5.0.0(react-dom@19.0.0(react@19.0.0))(react@19.0.0)
      rc-picker: 4.9.2(dayjs@1.11.13)(react-dom@19.0.0(react@19.0.0))(react@19.0.0)
      rc-progress: 4.0.0(react-dom@19.0.0(react@19.0.0))(react@19.0.0)
      rc-rate: 2.13.0(react-dom@19.0.0(react@19.0.0))(react@19.0.0)
      rc-resize-observer: 1.4.3(react-dom@19.0.0(react@19.0.0))(react@19.0.0)
      rc-segmented: 2.7.0(react-dom@19.0.0(react@19.0.0))(react@19.0.0)
      rc-select: 14.16.6(react-dom@19.0.0(react@19.0.0))(react@19.0.0)
      rc-slider: 11.1.8(react-dom@19.0.0(react@19.0.0))(react@19.0.0)
      rc-steps: 6.0.1(react-dom@19.0.0(react@19.0.0))(react@19.0.0)
      rc-switch: 4.1.0(react-dom@19.0.0(react@19.0.0))(react@19.0.0)
      rc-table: 7.50.2(react-dom@19.0.0(react@19.0.0))(react@19.0.0)
      rc-tabs: 15.5.0(react-dom@19.0.0(react@19.0.0))(react@19.0.0)
      rc-textarea: 1.9.0(react-dom@19.0.0(react@19.0.0))(react@19.0.0)
      rc-tooltip: 6.3.2(react-dom@19.0.0(react@19.0.0))(react@19.0.0)
      rc-tree: 5.13.0(react-dom@19.0.0(react@19.0.0))(react@19.0.0)
      rc-tree-select: 5.27.0(react-dom@19.0.0(react@19.0.0))(react@19.0.0)
      rc-upload: 4.8.1(react-dom@19.0.0(react@19.0.0))(react@19.0.0)
      rc-util: 5.44.3(react-dom@19.0.0(react@19.0.0))(react@19.0.0)
      react: 19.0.0
      react-dom: 19.0.0(react@19.0.0)
      scroll-into-view-if-needed: 3.1.0
      throttle-debounce: 5.0.2
    transitivePeerDependencies:
      - date-fns
      - luxon
      - moment

  classnames@2.5.1: {}

  compute-scroll-into-view@3.1.1: {}

  cookie@1.0.2: {}

  copy-to-clipboard@3.3.3:
    dependencies:
      toggle-selection: 1.0.6

  csstype@3.1.3: {}

  dayjs@1.11.13: {}

  json2mq@0.2.0:
    dependencies:
      string-convert: 0.2.1

  rc-cascader@3.33.0(react-dom@19.0.0(react@19.0.0))(react@19.0.0):
    dependencies:
      '@babel/runtime': 7.26.7
      classnames: 2.5.1
      rc-select: 14.16.6(react-dom@19.0.0(react@19.0.0))(react@19.0.0)
      rc-tree: 5.13.0(react-dom@19.0.0(react@19.0.0))(react@19.0.0)
      rc-util: 5.44.3(react-dom@19.0.0(react@19.0.0))(react@19.0.0)
      react: 19.0.0
      react-dom: 19.0.0(react@19.0.0)

  rc-checkbox@3.5.0(react-dom@19.0.0(react@19.0.0))(react@19.0.0):
    dependencies:
      '@babel/runtime': 7.26.7
      classnames: 2.5.1
      rc-util: 5.44.3(react-dom@19.0.0(react@19.0.0))(react@19.0.0)
      react: 19.0.0
      react-dom: 19.0.0(react@19.0.0)

  rc-collapse@3.9.0(react-dom@19.0.0(react@19.0.0))(react@19.0.0):
    dependencies:
      '@babel/runtime': 7.26.7
      classnames: 2.5.1
      rc-motion: 2.9.5(react-dom@19.0.0(react@19.0.0))(react@19.0.0)
      rc-util: 5.44.3(react-dom@19.0.0(react@19.0.0))(react@19.0.0)
      react: 19.0.0
      react-dom: 19.0.0(react@19.0.0)

  rc-dialog@9.6.0(react-dom@19.0.0(react@19.0.0))(react@19.0.0):
    dependencies:
      '@babel/runtime': 7.26.7
      '@rc-component/portal': 1.1.2(react-dom@19.0.0(react@19.0.0))(react@19.0.0)
      classnames: 2.5.1
      rc-motion: 2.9.5(react-dom@19.0.0(react@19.0.0))(react@19.0.0)
      rc-util: 5.44.3(react-dom@19.0.0(react@19.0.0))(react@19.0.0)
      react: 19.0.0
      react-dom: 19.0.0(react@19.0.0)

  rc-drawer@7.2.0(react-dom@19.0.0(react@19.0.0))(react@19.0.0):
    dependencies:
      '@babel/runtime': 7.26.7
      '@rc-component/portal': 1.1.2(react-dom@19.0.0(react@19.0.0))(react@19.0.0)
      classnames: 2.5.1
      rc-motion: 2.9.5(react-dom@19.0.0(react@19.0.0))(react@19.0.0)
      rc-util: 5.44.3(react-dom@19.0.0(react@19.0.0))(react@19.0.0)
      react: 19.0.0
      react-dom: 19.0.0(react@19.0.0)

  rc-dropdown@4.2.1(react-dom@19.0.0(react@19.0.0))(react@19.0.0):
    dependencies:
      '@babel/runtime': 7.26.7
      '@rc-component/trigger': 2.2.6(react-dom@19.0.0(react@19.0.0))(react@19.0.0)
      classnames: 2.5.1
      rc-util: 5.44.3(react-dom@19.0.0(react@19.0.0))(react@19.0.0)
      react: 19.0.0
      react-dom: 19.0.0(react@19.0.0)

  rc-field-form@2.7.0(react-dom@19.0.0(react@19.0.0))(react@19.0.0):
    dependencies:
      '@babel/runtime': 7.26.7
      '@rc-component/async-validator': 5.0.4
      rc-util: 5.44.3(react-dom@19.0.0(react@19.0.0))(react@19.0.0)
      react: 19.0.0
      react-dom: 19.0.0(react@19.0.0)

  rc-image@7.11.0(react-dom@19.0.0(react@19.0.0))(react@19.0.0):
    dependencies:
      '@babel/runtime': 7.26.7
      '@rc-component/portal': 1.1.2(react-dom@19.0.0(react@19.0.0))(react@19.0.0)
      classnames: 2.5.1
      rc-dialog: 9.6.0(react-dom@19.0.0(react@19.0.0))(react@19.0.0)
      rc-motion: 2.9.5(react-dom@19.0.0(react@19.0.0))(react@19.0.0)
      rc-util: 5.44.3(react-dom@19.0.0(react@19.0.0))(react@19.0.0)
      react: 19.0.0
      react-dom: 19.0.0(react@19.0.0)

  rc-input-number@9.4.0(react-dom@19.0.0(react@19.0.0))(react@19.0.0):
    dependencies:
      '@babel/runtime': 7.26.7
      '@rc-component/mini-decimal': 1.1.0
      classnames: 2.5.1
      rc-input: 1.7.2(react-dom@19.0.0(react@19.0.0))(react@19.0.0)
      rc-util: 5.44.3(react-dom@19.0.0(react@19.0.0))(react@19.0.0)
      react: 19.0.0
      react-dom: 19.0.0(react@19.0.0)

  rc-input@1.7.2(react-dom@19.0.0(react@19.0.0))(react@19.0.0):
    dependencies:
      '@babel/runtime': 7.26.7
      classnames: 2.5.1
      rc-util: 5.44.3(react-dom@19.0.0(react@19.0.0))(react@19.0.0)
      react: 19.0.0
      react-dom: 19.0.0(react@19.0.0)

  rc-mentions@2.19.1(react-dom@19.0.0(react@19.0.0))(react@19.0.0):
    dependencies:
      '@babel/runtime': 7.26.7
      '@rc-component/trigger': 2.2.6(react-dom@19.0.0(react@19.0.0))(react@19.0.0)
      classnames: 2.5.1
      rc-input: 1.7.2(react-dom@19.0.0(react@19.0.0))(react@19.0.0)
      rc-menu: 9.16.0(react-dom@19.0.0(react@19.0.0))(react@19.0.0)
      rc-textarea: 1.9.0(react-dom@19.0.0(react@19.0.0))(react@19.0.0)
      rc-util: 5.44.3(react-dom@19.0.0(react@19.0.0))(react@19.0.0)
      react: 19.0.0
      react-dom: 19.0.0(react@19.0.0)

  rc-menu@9.16.0(react-dom@19.0.0(react@19.0.0))(react@19.0.0):
    dependencies:
      '@babel/runtime': 7.26.7
      '@rc-component/trigger': 2.2.6(react-dom@19.0.0(react@19.0.0))(react@19.0.0)
      classnames: 2.5.1
      rc-motion: 2.9.5(react-dom@19.0.0(react@19.0.0))(react@19.0.0)
      rc-overflow: 1.4.1(react-dom@19.0.0(react@19.0.0))(react@19.0.0)
      rc-util: 5.44.3(react-dom@19.0.0(react@19.0.0))(react@19.0.0)
      react: 19.0.0
      react-dom: 19.0.0(react@19.0.0)

  rc-motion@2.9.5(react-dom@19.0.0(react@19.0.0))(react@19.0.0):
    dependencies:
      '@babel/runtime': 7.26.7
      classnames: 2.5.1
      rc-util: 5.44.3(react-dom@19.0.0(react@19.0.0))(react@19.0.0)
      react: 19.0.0
      react-dom: 19.0.0(react@19.0.0)

  rc-notification@5.6.2(react-dom@19.0.0(react@19.0.0))(react@19.0.0):
    dependencies:
      '@babel/runtime': 7.26.7
      classnames: 2.5.1
      rc-motion: 2.9.5(react-dom@19.0.0(react@19.0.0))(react@19.0.0)
      rc-util: 5.44.3(react-dom@19.0.0(react@19.0.0))(react@19.0.0)
      react: 19.0.0
      react-dom: 19.0.0(react@19.0.0)

  rc-overflow@1.4.1(react-dom@19.0.0(react@19.0.0))(react@19.0.0):
    dependencies:
      '@babel/runtime': 7.26.7
      classnames: 2.5.1
      rc-resize-observer: 1.4.3(react-dom@19.0.0(react@19.0.0))(react@19.0.0)
      rc-util: 5.44.3(react-dom@19.0.0(react@19.0.0))(react@19.0.0)
      react: 19.0.0
      react-dom: 19.0.0(react@19.0.0)

  rc-pagination@5.0.0(react-dom@19.0.0(react@19.0.0))(react@19.0.0):
    dependencies:
      '@babel/runtime': 7.26.7
      classnames: 2.5.1
      rc-util: 5.44.3(react-dom@19.0.0(react@19.0.0))(react@19.0.0)
      react: 19.0.0
      react-dom: 19.0.0(react@19.0.0)

  rc-picker@4.9.2(dayjs@1.11.13)(react-dom@19.0.0(react@19.0.0))(react@19.0.0):
    dependencies:
      '@babel/runtime': 7.26.7
      '@rc-component/trigger': 2.2.6(react-dom@19.0.0(react@19.0.0))(react@19.0.0)
      classnames: 2.5.1
      rc-overflow: 1.4.1(react-dom@19.0.0(react@19.0.0))(react@19.0.0)
      rc-resize-observer: 1.4.3(react-dom@19.0.0(react@19.0.0))(react@19.0.0)
      rc-util: 5.44.3(react-dom@19.0.0(react@19.0.0))(react@19.0.0)
      react: 19.0.0
      react-dom: 19.0.0(react@19.0.0)
    optionalDependencies:
      dayjs: 1.11.13

  rc-progress@4.0.0(react-dom@19.0.0(react@19.0.0))(react@19.0.0):
    dependencies:
      '@babel/runtime': 7.26.7
      classnames: 2.5.1
      rc-util: 5.44.3(react-dom@19.0.0(react@19.0.0))(react@19.0.0)
      react: 19.0.0
      react-dom: 19.0.0(react@19.0.0)

  rc-rate@2.13.0(react-dom@19.0.0(react@19.0.0))(react@19.0.0):
    dependencies:
      '@babel/runtime': 7.26.7
      classnames: 2.5.1
      rc-util: 5.44.3(react-dom@19.0.0(react@19.0.0))(react@19.0.0)
      react: 19.0.0
      react-dom: 19.0.0(react@19.0.0)

  rc-resize-observer@1.4.3(react-dom@19.0.0(react@19.0.0))(react@19.0.0):
    dependencies:
      '@babel/runtime': 7.26.7
      classnames: 2.5.1
      rc-util: 5.44.3(react-dom@19.0.0(react@19.0.0))(react@19.0.0)
      react: 19.0.0
      react-dom: 19.0.0(react@19.0.0)
      resize-observer-polyfill: 1.5.1

  rc-segmented@2.7.0(react-dom@19.0.0(react@19.0.0))(react@19.0.0):
    dependencies:
      '@babel/runtime': 7.26.7
      classnames: 2.5.1
      rc-motion: 2.9.5(react-dom@19.0.0(react@19.0.0))(react@19.0.0)
      rc-util: 5.44.3(react-dom@19.0.0(react@19.0.0))(react@19.0.0)
      react: 19.0.0
      react-dom: 19.0.0(react@19.0.0)

  rc-select@14.16.6(react-dom@19.0.0(react@19.0.0))(react@19.0.0):
    dependencies:
      '@babel/runtime': 7.26.7
      '@rc-component/trigger': 2.2.6(react-dom@19.0.0(react@19.0.0))(react@19.0.0)
      classnames: 2.5.1
      rc-motion: 2.9.5(react-dom@19.0.0(react@19.0.0))(react@19.0.0)
      rc-overflow: 1.4.1(react-dom@19.0.0(react@19.0.0))(react@19.0.0)
      rc-util: 5.44.3(react-dom@19.0.0(react@19.0.0))(react@19.0.0)
      rc-virtual-list: 3.18.1(react-dom@19.0.0(react@19.0.0))(react@19.0.0)
      react: 19.0.0
      react-dom: 19.0.0(react@19.0.0)

  rc-slider@11.1.8(react-dom@19.0.0(react@19.0.0))(react@19.0.0):
    dependencies:
      '@babel/runtime': 7.26.7
      classnames: 2.5.1
      rc-util: 5.44.3(react-dom@19.0.0(react@19.0.0))(react@19.0.0)
      react: 19.0.0
      react-dom: 19.0.0(react@19.0.0)

  rc-steps@6.0.1(react-dom@19.0.0(react@19.0.0))(react@19.0.0):
    dependencies:
      '@babel/runtime': 7.26.7
      classnames: 2.5.1
      rc-util: 5.44.3(react-dom@19.0.0(react@19.0.0))(react@19.0.0)
      react: 19.0.0
      react-dom: 19.0.0(react@19.0.0)

  rc-switch@4.1.0(react-dom@19.0.0(react@19.0.0))(react@19.0.0):
    dependencies:
      '@babel/runtime': 7.26.7
      classnames: 2.5.1
      rc-util: 5.44.3(react-dom@19.0.0(react@19.0.0))(react@19.0.0)
      react: 19.0.0
      react-dom: 19.0.0(react@19.0.0)

  rc-table@7.50.2(react-dom@19.0.0(react@19.0.0))(react@19.0.0):
    dependencies:
      '@babel/runtime': 7.26.7
      '@rc-component/context': 1.4.0(react-dom@19.0.0(react@19.0.0))(react@19.0.0)
      classnames: 2.5.1
      rc-resize-observer: 1.4.3(react-dom@19.0.0(react@19.0.0))(react@19.0.0)
      rc-util: 5.44.3(react-dom@19.0.0(react@19.0.0))(react@19.0.0)
      rc-virtual-list: 3.18.1(react-dom@19.0.0(react@19.0.0))(react@19.0.0)
      react: 19.0.0
      react-dom: 19.0.0(react@19.0.0)

  rc-tabs@15.5.0(react-dom@19.0.0(react@19.0.0))(react@19.0.0):
    dependencies:
      '@babel/runtime': 7.26.7
      classnames: 2.5.1
      rc-dropdown: 4.2.1(react-dom@19.0.0(react@19.0.0))(react@19.0.0)
      rc-menu: 9.16.0(react-dom@19.0.0(react@19.0.0))(react@19.0.0)
      rc-motion: 2.9.5(react-dom@19.0.0(react@19.0.0))(react@19.0.0)
      rc-resize-observer: 1.4.3(react-dom@19.0.0(react@19.0.0))(react@19.0.0)
      rc-util: 5.44.3(react-dom@19.0.0(react@19.0.0))(react@19.0.0)
      react: 19.0.0
      react-dom: 19.0.0(react@19.0.0)

  rc-textarea@1.9.0(react-dom@19.0.0(react@19.0.0))(react@19.0.0):
    dependencies:
      '@babel/runtime': 7.26.7
      classnames: 2.5.1
      rc-input: 1.7.2(react-dom@19.0.0(react@19.0.0))(react@19.0.0)
      rc-resize-observer: 1.4.3(react-dom@19.0.0(react@19.0.0))(react@19.0.0)
      rc-util: 5.44.3(react-dom@19.0.0(react@19.0.0))(react@19.0.0)
      react: 19.0.0
      react-dom: 19.0.0(react@19.0.0)

  rc-tooltip@6.3.2(react-dom@19.0.0(react@19.0.0))(react@19.0.0):
    dependencies:
      '@babel/runtime': 7.26.7
      '@rc-component/trigger': 2.2.6(react-dom@19.0.0(react@19.0.0))(react@19.0.0)
      classnames: 2.5.1
      react: 19.0.0
      react-dom: 19.0.0(react@19.0.0)

  rc-tree-select@5.27.0(react-dom@19.0.0(react@19.0.0))(react@19.0.0):
    dependencies:
      '@babel/runtime': 7.26.7
      classnames: 2.5.1
      rc-select: 14.16.6(react-dom@19.0.0(react@19.0.0))(react@19.0.0)
      rc-tree: 5.13.0(react-dom@19.0.0(react@19.0.0))(react@19.0.0)
      rc-util: 5.44.3(react-dom@19.0.0(react@19.0.0))(react@19.0.0)
      react: 19.0.0
      react-dom: 19.0.0(react@19.0.0)

  rc-tree@5.13.0(react-dom@19.0.0(react@19.0.0))(react@19.0.0):
    dependencies:
      '@babel/runtime': 7.26.7
      classnames: 2.5.1
      rc-motion: 2.9.5(react-dom@19.0.0(react@19.0.0))(react@19.0.0)
      rc-util: 5.44.3(react-dom@19.0.0(react@19.0.0))(react@19.0.0)
      rc-virtual-list: 3.18.1(react-dom@19.0.0(react@19.0.0))(react@19.0.0)
      react: 19.0.0
      react-dom: 19.0.0(react@19.0.0)

  rc-upload@4.8.1(react-dom@19.0.0(react@19.0.0))(react@19.0.0):
    dependencies:
      '@babel/runtime': 7.26.7
      classnames: 2.5.1
      rc-util: 5.44.3(react-dom@19.0.0(react@19.0.0))(react@19.0.0)
      react: 19.0.0
      react-dom: 19.0.0(react@19.0.0)

  rc-util@5.44.3(react-dom@19.0.0(react@19.0.0))(react@19.0.0):
    dependencies:
      '@babel/runtime': 7.26.7
      react: 19.0.0
      react-dom: 19.0.0(react@19.0.0)
      react-is: 18.3.1

  rc-virtual-list@3.18.1(react-dom@19.0.0(react@19.0.0))(react@19.0.0):
    dependencies:
      '@babel/runtime': 7.26.7
      classnames: 2.5.1
      rc-resize-observer: 1.4.3(react-dom@19.0.0(react@19.0.0))(react@19.0.0)
      rc-util: 5.44.3(react-dom@19.0.0(react@19.0.0))(react@19.0.0)
      react: 19.0.0
      react-dom: 19.0.0(react@19.0.0)

  react-dom@19.0.0(react@19.0.0):
    dependencies:
      react: 19.0.0
      scheduler: 0.25.0

  react-is@18.3.1: {}

  react-router-dom@7.1.3(react-dom@19.0.0(react@19.0.0))(react@19.0.0):
    dependencies:
      react: 19.0.0
      react-dom: 19.0.0(react@19.0.0)
      react-router: 7.1.3(react-dom@19.0.0(react@19.0.0))(react@19.0.0)

  react-router@7.1.3(react-dom@19.0.0(react@19.0.0))(react@19.0.0):
    dependencies:
      '@types/cookie': 0.6.0
      cookie: 1.0.2
      react: 19.0.0
      set-cookie-parser: 2.7.1
      turbo-stream: 2.4.0
    optionalDependencies:
      react-dom: 19.0.0(react@19.0.0)

  react@19.0.0: {}

  regenerator-runtime@0.14.1: {}

  resize-observer-polyfill@1.5.1: {}

  scheduler@0.25.0: {}

  scroll-into-view-if-needed@3.1.0:
    dependencies:
      compute-scroll-into-view: 3.1.1

  set-cookie-parser@2.7.1: {}

  string-convert@0.2.1: {}

  stylis@4.3.5: {}

  tailwindcss@4.0.0: {}

  throttle-debounce@5.0.2: {}

  toggle-selection@1.0.6: {}

  turbo-stream@2.4.0: {}
